// !$*UTF8*$!
{
	archiveVersion = 1;
	classes = {
	};
	objectVersion = 55;
	objects = {

/* Begin PBXBuildFile section */
		C457D310274A74A10062158A /* Noten_Tracker_CombineApp.swift in Sources */ = {isa = PBXBuildFile; fileRef = C457D30F274A74A10062158A /* Noten_Tracker_CombineApp.swift */; };
		C457D314274A74A20062158A /* Assets.xcassets in Resources */ = {isa = PBXBuildFile; fileRef = C457D313274A74A20062158A /* Assets.xcassets */; };
		C457D317274A74A20062158A /* Preview Assets.xcassets in Resources */ = {isa = PBXBuildFile; fileRef = C457D316274A74A20062158A /* Preview Assets.xcassets */; };
		C457D31F274A74B60062158A /* Student.swift in Sources */ = {isa = PBXBuildFile; fileRef = C457D31E274A74B60062158A /* Student.swift */; };
		C457D321274A74BD0062158A /* SchoolYear.swift in Sources */ = {isa = PBXBuildFile; fileRef = C457D320274A74BD0062158A /* SchoolYear.swift */; };
		C457D323274A74C40062158A /* Subject.swift in Sources */ = {isa = PBXBuildFile; fileRef = C457D322274A74C40062158A /* Subject.swift */; };
		C457D325274A74C80062158A /* Grade.swift in Sources */ = {isa = PBXBuildFile; fileRef = C457D324274A74C80062158A /* Grade.swift */; };
		C457D327274A74E40062158A /* State.swift in Sources */ = {isa = PBXBuildFile; fileRef = C457D326274A74E40062158A /* State.swift */; };
		C457D32A274A74F90062158A /* NotenTracker.xcdatamodeld in Sources */ = {isa = PBXBuildFile; fileRef = C457D328274A74F90062158A /* NotenTracker.xcdatamodeld */; };
		C457D32C274A9E060062158A /* Model.swift in Sources */ = {isa = PBXBuildFile; fileRef = C457D32B274A9E060062158A /* Model.swift */; };
		C457D330274A9FE70062158A /* StudentView.swift in Sources */ = {isa = PBXBuildFile; fileRef = C457D32F274A9FE70062158A /* StudentView.swift */; };
/* End PBXBuildFile section */

/* Begin PBXFileReference section */
		C457D30C274A74A10062158A /* Noten Tracker Combine.app */ = {isa = PBXFileReference; explicitFileType = wrapper.application; includeInIndex = 0; path = "Noten Tracker Combine.app"; sourceTree = BUILT_PRODUCTS_DIR; };
		C457D30F274A74A10062158A /* Noten_Tracker_CombineApp.swift */ = {isa = PBXFileReference; lastKnownFileType = sourcecode.swift; path = Noten_Tracker_CombineApp.swift; sourceTree = "<group>"; };
		C457D313274A74A20062158A /* Assets.xcassets */ = {isa = PBXFileReference; lastKnownFileType = folder.assetcatalog; path = Assets.xcassets; sourceTree = "<group>"; };
		C457D316274A74A20062158A /* Preview Assets.xcassets */ = {isa = PBXFileReference; lastKnownFileType = folder.assetcatalog; path = "Preview Assets.xcassets"; sourceTree = "<group>"; };
		C457D31E274A74B60062158A /* Student.swift */ = {isa = PBXFileReference; lastKnownFileType = sourcecode.swift; path = Student.swift; sourceTree = "<group>"; };
		C457D320274A74BD0062158A /* SchoolYear.swift */ = {isa = PBXFileReference; lastKnownFileType = sourcecode.swift; path = SchoolYear.swift; sourceTree = "<group>"; };
		C457D322274A74C40062158A /* Subject.swift */ = {isa = PBXFileReference; lastKnownFileType = sourcecode.swift; path = Subject.swift; sourceTree = "<group>"; };
		C457D324274A74C80062158A /* Grade.swift */ = {isa = PBXFileReference; lastKnownFileType = sourcecode.swift; path = Grade.swift; sourceTree = "<group>"; };
		C457D326274A74E40062158A /* State.swift */ = {isa = PBXFileReference; lastKnownFileType = sourcecode.swift; path = State.swift; sourceTree = "<group>"; };
		C457D329274A74F90062158A /* NotenTracker.xcdatamodel */ = {isa = PBXFileReference; lastKnownFileType = wrapper.xcdatamodel; path = NotenTracker.xcdatamodel; sourceTree = "<group>"; };
		C457D32B274A9E060062158A /* Model.swift */ = {isa = PBXFileReference; lastKnownFileType = sourcecode.swift; path = Model.swift; sourceTree = "<group>"; };
		C457D32F274A9FE70062158A /* StudentView.swift */ = {isa = PBXFileReference; lastKnownFileType = sourcecode.swift; path = StudentView.swift; sourceTree = "<group>"; };
/* End PBXFileReference section */

/* Begin PBXFrameworksBuildPhase section */
		C457D309274A74A10062158A /* Frameworks */ = {
			isa = PBXFrameworksBuildPhase;
			buildActionMask = 2147483647;
			files = (
			);
			runOnlyForDeploymentPostprocessing = 0;
		};
/* End PBXFrameworksBuildPhase section */

/* Begin PBXGroup section */
		C457D303274A74A10062158A = {
			isa = PBXGroup;
			children = (
				C457D30E274A74A10062158A /* Noten Tracker Combine */,
				C457D30D274A74A10062158A /* Products */,
			);
			sourceTree = "<group>";
		};
		C457D30D274A74A10062158A /* Products */ = {
			isa = PBXGroup;
			children = (
				C457D30C274A74A10062158A /* Noten Tracker Combine.app */,
			);
			name = Products;
			sourceTree = "<group>";
		};
		C457D30E274A74A10062158A /* Noten Tracker Combine */ = {
			isa = PBXGroup;
			children = (
				C457D32E274A9FD80062158A /* Views */,
				C457D32D274A9E1C0062158A /* Model */,
				C457D31D274A74AC0062158A /* CoreData */,
				C457D30F274A74A10062158A /* Noten_Tracker_CombineApp.swift */,
				C457D313274A74A20062158A /* Assets.xcassets */,
				C457D315274A74A20062158A /* Preview Content */,
			);
			path = "Noten Tracker Combine";
			sourceTree = "<group>";
		};
		C457D315274A74A20062158A /* Preview Content */ = {
			isa = PBXGroup;
			children = (
				C457D316274A74A20062158A /* Preview Assets.xcassets */,
			);
			path = "Preview Content";
			sourceTree = "<group>";
		};
		C457D31D274A74AC0062158A /* CoreData */ = {
			isa = PBXGroup;
			children = (
				C457D31E274A74B60062158A /* Student.swift */,
				C457D320274A74BD0062158A /* SchoolYear.swift */,
				C457D322274A74C40062158A /* Subject.swift */,
				C457D324274A74C80062158A /* Grade.swift */,
				C457D326274A74E40062158A /* State.swift */,
				C457D328274A74F90062158A /* NotenTracker.xcdatamodeld */,
			);
			path = CoreData;
			sourceTree = "<group>";
		};
		C457D32D274A9E1C0062158A /* Model */ = {
			isa = PBXGroup;
			children = (
				C457D32B274A9E060062158A /* Model.swift */,
			);
			path = Model;
			sourceTree = "<group>";
		};
		C457D32E274A9FD80062158A /* Views */ = {
			isa = PBXGroup;
			children = (
				C457D32F274A9FE70062158A /* StudentView.swift */,
			);
			path = Views;
			sourceTree = "<group>";
		};
/* End PBXGroup section */

/* Begin PBXNativeTarget section */
		C457D30B274A74A10062158A /* Noten Tracker Combine */ = {
			isa = PBXNativeTarget;
			buildConfigurationList = C457D31A274A74A20062158A /* Build configuration list for PBXNativeTarget "Noten Tracker Combine" */;
			buildPhases = (
				C457D308274A74A10062158A /* Sources */,
				C457D309274A74A10062158A /* Frameworks */,
				C457D30A274A74A10062158A /* Resources */,
			);
			buildRules = (
			);
			dependencies = (
			);
			name = "Noten Tracker Combine";
			productName = "Noten Tracker Combine";
			productReference = C457D30C274A74A10062158A /* Noten Tracker Combine.app */;
			productType = "com.apple.product-type.application";
		};
/* End PBXNativeTarget section */

/* Begin PBXProject section */
		C457D304274A74A10062158A /* Project object */ = {
			isa = PBXProject;
			attributes = {
				BuildIndependentTargetsInParallel = 1;
				LastSwiftUpdateCheck = 1310;
				LastUpgradeCheck = 1310;
				TargetAttributes = {
					C457D30B274A74A10062158A = {
						CreatedOnToolsVersion = 13.1;
					};
				};
			};
			buildConfigurationList = C457D307274A74A10062158A /* Build configuration list for PBXProject "Noten Tracker Combine" */;
			compatibilityVersion = "Xcode 13.0";
			developmentRegion = en;
			hasScannedForEncodings = 0;
			knownRegions = (
				en,
				Base,
			);
			mainGroup = C457D303274A74A10062158A;
			productRefGroup = C457D30D274A74A10062158A /* Products */;
			projectDirPath = "";
			projectRoot = "";
			targets = (
				C457D30B274A74A10062158A /* Noten Tracker Combine */,
			);
		};
/* End PBXProject section */

/* Begin PBXResourcesBuildPhase section */
		C457D30A274A74A10062158A /* Resources */ = {
			isa = PBXResourcesBuildPhase;
			buildActionMask = 2147483647;
			files = (
				C457D317274A74A20062158A /* Preview Assets.xcassets in Resources */,
				C457D314274A74A20062158A /* Assets.xcassets in Resources */,
			);
			runOnlyForDeploymentPostprocessing = 0;
		};
/* End PBXResourcesBuildPhase section */

/* Begin PBXSourcesBuildPhase section */
		C457D308274A74A10062158A /* Sources */ = {
			isa = PBXSourcesBuildPhase;
			buildActionMask = 2147483647;
			files = (
				C457D32C274A9E060062158A /* Model.swift in Sources */,
				C457D321274A74BD0062158A /* SchoolYear.swift in Sources */,
				C457D32A274A74F90062158A /* NotenTracker.xcdatamodeld in Sources */,
				C457D323274A74C40062158A /* Subject.swift in Sources */,
				C457D327274A74E40062158A /* State.swift in Sources */,
				C457D31F274A74B60062158A /* Student.swift in Sources */,
				C457D310274A74A10062158A /* Noten_Tracker_CombineApp.swift in Sources */,
				C457D330274A9FE70062158A /* StudentView.swift in Sources */,
				C457D325274A74C80062158A /* Grade.swift in Sources */,
			);
			runOnlyForDeploymentPostprocessing = 0;
		};
/* End PBXSourcesBuildPhase section */

/* Begin XCBuildConfiguration section */
		C457D318274A74A20062158A /* Debug */ = {
			isa = XCBuildConfiguration;
			buildSettings = {
				ALWAYS_SEARCH_USER_PATHS = NO;
				CLANG_ANALYZER_NONNULL = YES;
				CLANG_ANALYZER_NUMBER_OBJECT_CONVERSION = YES_AGGRESSIVE;
				CLANG_CXX_LANGUAGE_STANDARD = "gnu++17";
				CLANG_CXX_LIBRARY = "libc++";
				CLANG_ENABLE_MODULES = YES;
				CLANG_ENABLE_OBJC_ARC = YES;
				CLANG_ENABLE_OBJC_WEAK = YES;
				CLANG_WARN_BLOCK_CAPTURE_AUTORELEASING = YES;
				CLANG_WARN_BOOL_CONVERSION = YES;
				CLANG_WARN_COMMA = YES;
				CLANG_WARN_CONSTANT_CONVERSION = YES;
				CLANG_WARN_DEPRECATED_OBJC_IMPLEMENTATIONS = YES;
				CLANG_WARN_DIRECT_OBJC_ISA_USAGE = YES_ERROR;
				CLANG_WARN_DOCUMENTATION_COMMENTS = YES;
				CLANG_WARN_EMPTY_BODY = YES;
				CLANG_WARN_ENUM_CONVERSION = YES;
				CLANG_WARN_INFINITE_RECURSION = YES;
				CLANG_WARN_INT_CONVERSION = YES;
				CLANG_WARN_NON_LITERAL_NULL_CONVERSION = YES;
				CLANG_WARN_OBJC_IMPLICIT_RETAIN_SELF = YES;
				CLANG_WARN_OBJC_LITERAL_CONVERSION = YES;
				CLANG_WARN_OBJC_ROOT_CLASS = YES_ERROR;
				CLANG_WARN_QUOTED_INCLUDE_IN_FRAMEWORK_HEADER = YES;
				CLANG_WARN_RANGE_LOOP_ANALYSIS = YES;
				CLANG_WARN_STRICT_PROTOTYPES = YES;
				CLANG_WARN_SUSPICIOUS_MOVE = YES;
				CLANG_WARN_UNGUARDED_AVAILABILITY = YES_AGGRESSIVE;
				CLANG_WARN_UNREACHABLE_CODE = YES;
				CLANG_WARN__DUPLICATE_METHOD_MATCH = YES;
				COPY_PHASE_STRIP = NO;
				DEBUG_INFORMATION_FORMAT = dwarf;
				ENABLE_STRICT_OBJC_MSGSEND = YES;
				ENABLE_TESTABILITY = YES;
				GCC_C_LANGUAGE_STANDARD = gnu11;
				GCC_DYNAMIC_NO_PIC = NO;
				GCC_NO_COMMON_BLOCKS = YES;
				GCC_OPTIMIZATION_LEVEL = 0;
				GCC_PREPROCESSOR_DEFINITIONS = (
					"DEBUG=1",
					"$(inherited)",
				);
				GCC_WARN_64_TO_32_BIT_CONVERSION = YES;
				GCC_WARN_ABOUT_RETURN_TYPE = YES_ERROR;
				GCC_WARN_UNDECLARED_SELECTOR = YES;
				GCC_WARN_UNINITIALIZED_AUTOS = YES_AGGRESSIVE;
				GCC_WARN_UNUSED_FUNCTION = YES;
				GCC_WARN_UNUSED_VARIABLE = YES;
				IPHONEOS_DEPLOYMENT_TARGET = 15.0;
				MTL_ENABLE_DEBUG_INFO = INCLUDE_SOURCE;
				MTL_FAST_MATH = YES;
				ONLY_ACTIVE_ARCH = YES;
				SDKROOT = iphoneos;
				SWIFT_ACTIVE_COMPILATION_CONDITIONS = DEBUG;
				SWIFT_OPTIMIZATION_LEVEL = "-Onone";
			};
			name = Debug;
		};
		C457D319274A74A20062158A /* Release */ = {
			isa = XCBuildConfiguration;
			buildSettings = {
				ALWAYS_SEARCH_USER_PATHS = NO;
				CLANG_ANALYZER_NONNULL = YES;
				CLANG_ANALYZER_NUMBER_OBJECT_CONVERSION = YES_AGGRESSIVE;
				CLANG_CXX_LANGUAGE_STANDARD = "gnu++17";
				CLANG_CXX_LIBRARY = "libc++";
				CLANG_ENABLE_MODULES = YES;
				CLANG_ENABLE_OBJC_ARC = YES;
				CLANG_ENABLE_OBJC_WEAK = YES;
				CLANG_WARN_BLOCK_CAPTURE_AUTORELEASING = YES;
				CLANG_WARN_BOOL_CONVERSION = YES;
				CLANG_WARN_COMMA = YES;
				CLANG_WARN_CONSTANT_CONVERSION = YES;
				CLANG_WARN_DEPRECATED_OBJC_IMPLEMENTATIONS = YES;
				CLANG_WARN_DIRECT_OBJC_ISA_USAGE = YES_ERROR;
				CLANG_WARN_DOCUMENTATION_COMMENTS = YES;
				CLANG_WARN_EMPTY_BODY = YES;
				CLANG_WARN_ENUM_CONVERSION = YES;
				CLANG_WARN_INFINITE_RECURSION = YES;
				CLANG_WARN_INT_CONVERSION = YES;
				CLANG_WARN_NON_LITERAL_NULL_CONVERSION = YES;
				CLANG_WARN_OBJC_IMPLICIT_RETAIN_SELF = YES;
				CLANG_WARN_OBJC_LITERAL_CONVERSION = YES;
				CLANG_WARN_OBJC_ROOT_CLASS = YES_ERROR;
				CLANG_WARN_QUOTED_INCLUDE_IN_FRAMEWORK_HEADER = YES;
				CLANG_WARN_RANGE_LOOP_ANALYSIS = YES;
				CLANG_WARN_STRICT_PROTOTYPES = YES;
				CLANG_WARN_SUSPICIOUS_MOVE = YES;
				CLANG_WARN_UNGUARDED_AVAILABILITY = YES_AGGRESSIVE;
				CLANG_WARN_UNREACHABLE_CODE = YES;
				CLANG_WARN__DUPLICATE_METHOD_MATCH = YES;
				COPY_PHASE_STRIP = NO;
				DEBUG_INFORMATION_FORMAT = "dwarf-with-dsym";
				ENABLE_NS_ASSERTIONS = NO;
				ENABLE_STRICT_OBJC_MSGSEND = YES;
				GCC_C_LANGUAGE_STANDARD = gnu11;
				GCC_NO_COMMON_BLOCKS = YES;
				GCC_WARN_64_TO_32_BIT_CONVERSION = YES;
				GCC_WARN_ABOUT_RETURN_TYPE = YES_ERROR;
				GCC_WARN_UNDECLARED_SELECTOR = YES;
				GCC_WARN_UNINITIALIZED_AUTOS = YES_AGGRESSIVE;
				GCC_WARN_UNUSED_FUNCTION = YES;
				GCC_WARN_UNUSED_VARIABLE = YES;
				IPHONEOS_DEPLOYMENT_TARGET = 15.0;
				MTL_ENABLE_DEBUG_INFO = NO;
				MTL_FAST_MATH = YES;
				SDKROOT = iphoneos;
				SWIFT_COMPILATION_MODE = wholemodule;
				SWIFT_OPTIMIZATION_LEVEL = "-O";
				VALIDATE_PRODUCT = YES;
			};
			name = Release;
		};
		C457D31B274A74A20062158A /* Debug */ = {
			isa = XCBuildConfiguration;
			buildSettings = {
				ASSETCATALOG_COMPILER_APPICON_NAME = AppIcon;
				ASSETCATALOG_COMPILER_GLOBAL_ACCENT_COLOR_NAME = AccentColor;
				CODE_SIGN_STYLE = Automatic;
				CURRENT_PROJECT_VERSION = 1;
				DEVELOPMENT_ASSET_PATHS = "\"Noten Tracker Combine/Preview Content\"";
				DEVELOPMENT_TEAM = 5WASNT9DG3;
				ENABLE_PREVIEWS = YES;
				GENERATE_INFOPLIST_FILE = YES;
				INFOPLIST_KEY_UIApplicationSceneManifest_Generation = YES;
				INFOPLIST_KEY_UIApplicationSupportsIndirectInputEvents = YES;
				INFOPLIST_KEY_UILaunchScreen_Generation = YES;
				INFOPLIST_KEY_UISupportedInterfaceOrientations_iPad = "UIInterfaceOrientationPortrait UIInterfaceOrientationPortraitUpsideDown UIInterfaceOrientationLandscapeLeft UIInterfaceOrientationLandscapeRight";
				INFOPLIST_KEY_UISupportedInterfaceOrientations_iPhone = "UIInterfaceOrientationPortrait UIInterfaceOrientationLandscapeLeft UIInterfaceOrientationLandscapeRight";
				LD_RUNPATH_SEARCH_PATHS = (
					"$(inherited)",
					"@executable_path/Frameworks",
				);
				MARKETING_VERSION = 1.0;
				PRODUCT_BUNDLE_IDENTIFIER = "Daniel-Pressner.Noten-Tracker-Combine";
				PRODUCT_NAME = "$(TARGET_NAME)";
				SWIFT_EMIT_LOC_STRINGS = YES;
				SWIFT_VERSION = 5.0;
				TARGETED_DEVICE_FAMILY = "1,2";
			};
			name = Debug;
		};
		C457D31C274A74A20062158A /* Release */ = {
			isa = XCBuildConfiguration;
			buildSettings = {
				ASSETCATALOG_COMPILER_APPICON_NAME = AppIcon;
				ASSETCATALOG_COMPILER_GLOBAL_ACCENT_COLOR_NAME = AccentColor;
				CODE_SIGN_STYLE = Automatic;
				CURRENT_PROJECT_VERSION = 1;
				DEVELOPMENT_ASSET_PATHS = "\"Noten Tracker Combine/Preview Content\"";
				DEVELOPMENT_TEAM = 5WASNT9DG3;
				ENABLE_PREVIEWS = YES;
				GENERATE_INFOPLIST_FILE = YES;
				INFOPLIST_KEY_UIApplicationSceneManifest_Generation = YES;
				INFOPLIST_KEY_UIApplicationSupportsIndirectInputEvents = YES;
				INFOPLIST_KEY_UILaunchScreen_Generation = YES;
				INFOPLIST_KEY_UISupportedInterfaceOrientations_iPad = "UIInterfaceOrientationPortrait UIInterfaceOrientationPortraitUpsideDown UIInterfaceOrientationLandscapeLeft UIInterfaceOrientationLandscapeRight";
				INFOPLIST_KEY_UISupportedInterfaceOrientations_iPhone = "UIInterfaceOrientationPortrait UIInterfaceOrientationLandscapeLeft UIInterfaceOrientationLandscapeRight";
				LD_RUNPATH_SEARCH_PATHS = (
					"$(inherited)",
					"@executable_path/Frameworks",
				);
				MARKETING_VERSION = 1.0;
				PRODUCT_BUNDLE_IDENTIFIER = "Daniel-Pressner.Noten-Tracker-Combine";
				PRODUCT_NAME = "$(TARGET_NAME)";
				SWIFT_EMIT_LOC_STRINGS = YES;
				SWIFT_VERSION = 5.0;
				TARGETED_DEVICE_FAMILY = "1,2";
			};
			name = Release;
		};
/* End XCBuildConfiguration section */

/* Begin XCConfigurationList section */
		C457D307274A74A10062158A /* Build configuration list for PBXProject "Noten Tracker Combine" */ = {
			isa = XCConfigurationList;
			buildConfigurations = (
				C457D318274A74A20062158A /* Debug */,
				C457D319274A74A20062158A /* Release */,
			);
			defaultConfigurationIsVisible = 0;
			defaultConfigurationName = Release;
		};
		C457D31A274A74A20062158A /* Build configuration list for PBXNativeTarget "Noten Tracker Combine" */ = {
			isa = XCConfigurationList;
			buildConfigurations = (
				C457D31B274A74A20062158A /* Debug */,
				C457D31C274A74A20062158A /* Release */,
			);
			defaultConfigurationIsVisible = 0;
			defaultConfigurationName = Release;
		};
/* End XCConfigurationList section */

/* Begin XCVersionGroup section */
		C457D328274A74F90062158A /* NotenTracker.xcdatamodeld */ = {
			isa = XCVersionGroup;
			children = (
				C457D329274A74F90062158A /* NotenTracker.xcdatamodel */,
			);
			currentVersion = C457D329274A74F90062158A /* NotenTracker.xcdatamodel */;
			path = NotenTracker.xcdatamodeld;
			sourceTree = "<group>";
			versionGroupType = wrapper.xcdatamodel;
		};
/* End XCVersionGroup section */
	};
	rootObject = C457D304274A74A10062158A /* Project object */;
}
